// !$*UTF8*$!
{
	archiveVersion = 1;
	classes = {
	};
	objectVersion = 55;
	objects = {

/* Begin PBXBuildFile section */
		E259B8BF275071E000845469 /* LoginViewController.swift in Sources */ = {isa = PBXBuildFile; fileRef = E259B8BD275071E000845469 /* LoginViewController.swift */; };
		E259B8C0275071E000845469 /* LoginViewController.xib in Resources */ = {isa = PBXBuildFile; fileRef = E259B8BE275071E000845469 /* LoginViewController.xib */; };
		E259B8C32750720500845469 /* LoginView.swift in Sources */ = {isa = PBXBuildFile; fileRef = E259B8C22750720500845469 /* LoginView.swift */; };
		E259B8C62750733D00845469 /* LoginPresenter.swift in Sources */ = {isa = PBXBuildFile; fileRef = E259B8C52750733D00845469 /* LoginPresenter.swift */; };
		E259B8C92750738900845469 /* LoginInteractorIO.swift in Sources */ = {isa = PBXBuildFile; fileRef = E259B8C82750738900845469 /* LoginInteractorIO.swift */; };
		E259B8CC2750764E00845469 /* LoginEntity.swift in Sources */ = {isa = PBXBuildFile; fileRef = E259B8CB2750764E00845469 /* LoginEntity.swift */; };
		E259B8CE275076D200845469 /* LoginInteractor.swift in Sources */ = {isa = PBXBuildFile; fileRef = E259B8CD275076D100845469 /* LoginInteractor.swift */; };
		E259B8D127507C9C00845469 /* LoginRouter.swift in Sources */ = {isa = PBXBuildFile; fileRef = E259B8D027507C9C00845469 /* LoginRouter.swift */; };
		E259B8F62754BDD300845469 /* CoreDataManager.swift in Sources */ = {isa = PBXBuildFile; fileRef = E259B8F52754BDD300845469 /* CoreDataManager.swift */; };
		E259B8F92754BEAD00845469 /* demo_data.xcdatamodeld in Sources */ = {isa = PBXBuildFile; fileRef = E259B8F72754BEAD00845469 /* demo_data.xcdatamodeld */; };
		E29DA80E274F6D7500395805 /* TodoListViewController.swift in Sources */ = {isa = PBXBuildFile; fileRef = E29DA80D274F6D7500395805 /* TodoListViewController.swift */; };
		E29DA811274F6DD400395805 /* TodoListPresenter.swift in Sources */ = {isa = PBXBuildFile; fileRef = E29DA810274F6DD400395805 /* TodoListPresenter.swift */; };
		E29DA814274F6DFF00395805 /* TodoListInteractorIO.swift in Sources */ = {isa = PBXBuildFile; fileRef = E29DA813274F6DFF00395805 /* TodoListInteractorIO.swift */; };
		E29DA817274F6E5800395805 /* TodoItem.swift in Sources */ = {isa = PBXBuildFile; fileRef = E29DA816274F6E5800395805 /* TodoItem.swift */; };
		E29DA819274F6EBD00395805 /* TodoListInteractor.swift in Sources */ = {isa = PBXBuildFile; fileRef = E29DA818274F6EBD00395805 /* TodoListInteractor.swift */; };
		E29DA81B274F70AF00395805 /* TodoListView.swift in Sources */ = {isa = PBXBuildFile; fileRef = E29DA81A274F70AF00395805 /* TodoListView.swift */; };
		E29DA81E274F76E200395805 /* TodoListRouter.swift in Sources */ = {isa = PBXBuildFile; fileRef = E29DA81D274F76E200395805 /* TodoListRouter.swift */; };
		E29DA823274F7BB700395805 /* TodoDetailViewController.swift in Sources */ = {isa = PBXBuildFile; fileRef = E29DA821274F7BB700395805 /* TodoDetailViewController.swift */; };
		E29DA824274F7BB700395805 /* TodoDetailViewController.xib in Resources */ = {isa = PBXBuildFile; fileRef = E29DA822274F7BB700395805 /* TodoDetailViewController.xib */; };
		E29DA826274F7C6B00395805 /* TodoDetailView.swift in Sources */ = {isa = PBXBuildFile; fileRef = E29DA825274F7C6B00395805 /* TodoDetailView.swift */; };
		E29DA829274F7DD100395805 /* TodoDetailPresenter.swift in Sources */ = {isa = PBXBuildFile; fileRef = E29DA828274F7DD100395805 /* TodoDetailPresenter.swift */; };
		E29DA82C274F7DEC00395805 /* TodoDetailInteractor.swift in Sources */ = {isa = PBXBuildFile; fileRef = E29DA82B274F7DEC00395805 /* TodoDetailInteractor.swift */; };
		E29DA82E274F7E3200395805 /* TodoDetailInteractorIO.swift in Sources */ = {isa = PBXBuildFile; fileRef = E29DA82D274F7E3200395805 /* TodoDetailInteractorIO.swift */; };
		E29DA831274F81C900395805 /* TodoDetailRouter.swift in Sources */ = {isa = PBXBuildFile; fileRef = E29DA830274F81C900395805 /* TodoDetailRouter.swift */; };
		E2C8229B274F2DB1004BBBA0 /* AppDelegate.swift in Sources */ = {isa = PBXBuildFile; fileRef = E2C8229A274F2DB1004BBBA0 /* AppDelegate.swift */; };
		E2C8229D274F2DB1004BBBA0 /* SceneDelegate.swift in Sources */ = {isa = PBXBuildFile; fileRef = E2C8229C274F2DB1004BBBA0 /* SceneDelegate.swift */; };
		E2C8229F274F2DB1004BBBA0 /* ViewController.swift in Sources */ = {isa = PBXBuildFile; fileRef = E2C8229E274F2DB1004BBBA0 /* ViewController.swift */; };
		E2C822A2274F2DB1004BBBA0 /* Main.storyboard in Resources */ = {isa = PBXBuildFile; fileRef = E2C822A0274F2DB1004BBBA0 /* Main.storyboard */; };
		E2C822A4274F2DB3004BBBA0 /* Assets.xcassets in Resources */ = {isa = PBXBuildFile; fileRef = E2C822A3274F2DB3004BBBA0 /* Assets.xcassets */; };
		E2C822A7274F2DB3004BBBA0 /* LaunchScreen.storyboard in Resources */ = {isa = PBXBuildFile; fileRef = E2C822A5274F2DB3004BBBA0 /* LaunchScreen.storyboard */; };
		E2C822BC274F2DC8004BBBA0 /* CounterEntity.swift in Sources */ = {isa = PBXBuildFile; fileRef = E2C822B0274F2DC8004BBBA0 /* CounterEntity.swift */; };
		E2C822BD274F2DC8004BBBA0 /* CounterPresenter.swift in Sources */ = {isa = PBXBuildFile; fileRef = E2C822B2274F2DC8004BBBA0 /* CounterPresenter.swift */; };
		E2C822BE274F2DC8004BBBA0 /* CounterWireframe.swift in Sources */ = {isa = PBXBuildFile; fileRef = E2C822B4274F2DC8004BBBA0 /* CounterWireframe.swift */; };
		E2C822BF274F2DC8004BBBA0 /* HomeController.swift in Sources */ = {isa = PBXBuildFile; fileRef = E2C822B6274F2DC8004BBBA0 /* HomeController.swift */; };
		E2C822C0274F2DC8004BBBA0 /* HomeController.xib in Resources */ = {isa = PBXBuildFile; fileRef = E2C822B7274F2DC8004BBBA0 /* HomeController.xib */; };
		E2C822C1274F2DC8004BBBA0 /* CounterView.swift in Sources */ = {isa = PBXBuildFile; fileRef = E2C822B8274F2DC8004BBBA0 /* CounterView.swift */; };
		E2C822C2274F2DC8004BBBA0 /* CounterInteractor.swift in Sources */ = {isa = PBXBuildFile; fileRef = E2C822BA274F2DC8004BBBA0 /* CounterInteractor.swift */; };
		E2C822C3274F2DC8004BBBA0 /* CounterInteractorIO.swift in Sources */ = {isa = PBXBuildFile; fileRef = E2C822BB274F2DC8004BBBA0 /* CounterInteractorIO.swift */; };
/* End PBXBuildFile section */

/* Begin PBXFileReference section */
		E259B8BD275071E000845469 /* LoginViewController.swift */ = {isa = PBXFileReference; lastKnownFileType = sourcecode.swift; path = LoginViewController.swift; sourceTree = "<group>"; };
		E259B8BE275071E000845469 /* LoginViewController.xib */ = {isa = PBXFileReference; lastKnownFileType = file.xib; path = LoginViewController.xib; sourceTree = "<group>"; };
		E259B8C22750720500845469 /* LoginView.swift */ = {isa = PBXFileReference; lastKnownFileType = sourcecode.swift; path = LoginView.swift; sourceTree = "<group>"; };
		E259B8C52750733D00845469 /* LoginPresenter.swift */ = {isa = PBXFileReference; lastKnownFileType = sourcecode.swift; path = LoginPresenter.swift; sourceTree = "<group>"; };
		E259B8C82750738900845469 /* LoginInteractorIO.swift */ = {isa = PBXFileReference; lastKnownFileType = sourcecode.swift; path = LoginInteractorIO.swift; sourceTree = "<group>"; };
		E259B8CB2750764E00845469 /* LoginEntity.swift */ = {isa = PBXFileReference; lastKnownFileType = sourcecode.swift; path = LoginEntity.swift; sourceTree = "<group>"; };
		E259B8CD275076D100845469 /* LoginInteractor.swift */ = {isa = PBXFileReference; lastKnownFileType = sourcecode.swift; path = LoginInteractor.swift; sourceTree = "<group>"; };
		E259B8D027507C9C00845469 /* LoginRouter.swift */ = {isa = PBXFileReference; lastKnownFileType = sourcecode.swift; path = LoginRouter.swift; sourceTree = "<group>"; };
		E259B8F52754BDD300845469 /* CoreDataManager.swift */ = {isa = PBXFileReference; lastKnownFileType = sourcecode.swift; path = CoreDataManager.swift; sourceTree = "<group>"; };
		E259B8F82754BEAD00845469 /* demo_data.xcdatamodel */ = {isa = PBXFileReference; lastKnownFileType = wrapper.xcdatamodel; path = demo_data.xcdatamodel; sourceTree = "<group>"; };
		E29DA80D274F6D7500395805 /* TodoListViewController.swift */ = {isa = PBXFileReference; lastKnownFileType = sourcecode.swift; path = TodoListViewController.swift; sourceTree = "<group>"; };
		E29DA810274F6DD400395805 /* TodoListPresenter.swift */ = {isa = PBXFileReference; lastKnownFileType = sourcecode.swift; path = TodoListPresenter.swift; sourceTree = "<group>"; };
		E29DA813274F6DFF00395805 /* TodoListInteractorIO.swift */ = {isa = PBXFileReference; lastKnownFileType = sourcecode.swift; path = TodoListInteractorIO.swift; sourceTree = "<group>"; };
		E29DA816274F6E5800395805 /* TodoItem.swift */ = {isa = PBXFileReference; lastKnownFileType = sourcecode.swift; path = TodoItem.swift; sourceTree = "<group>"; };
		E29DA818274F6EBD00395805 /* TodoListInteractor.swift */ = {isa = PBXFileReference; lastKnownFileType = sourcecode.swift; path = TodoListInteractor.swift; sourceTree = "<group>"; };
		E29DA81A274F70AF00395805 /* TodoListView.swift */ = {isa = PBXFileReference; lastKnownFileType = sourcecode.swift; path = TodoListView.swift; sourceTree = "<group>"; };
		E29DA81D274F76E200395805 /* TodoListRouter.swift */ = {isa = PBXFileReference; lastKnownFileType = sourcecode.swift; path = TodoListRouter.swift; sourceTree = "<group>"; };
		E29DA821274F7BB700395805 /* TodoDetailViewController.swift */ = {isa = PBXFileReference; lastKnownFileType = sourcecode.swift; path = TodoDetailViewController.swift; sourceTree = "<group>"; };
		E29DA822274F7BB700395805 /* TodoDetailViewController.xib */ = {isa = PBXFileReference; lastKnownFileType = file.xib; path = TodoDetailViewController.xib; sourceTree = "<group>"; };
		E29DA825274F7C6B00395805 /* TodoDetailView.swift */ = {isa = PBXFileReference; lastKnownFileType = sourcecode.swift; path = TodoDetailView.swift; sourceTree = "<group>"; };
		E29DA828274F7DD100395805 /* TodoDetailPresenter.swift */ = {isa = PBXFileReference; lastKnownFileType = sourcecode.swift; path = TodoDetailPresenter.swift; sourceTree = "<group>"; };
		E29DA82B274F7DEC00395805 /* TodoDetailInteractor.swift */ = {isa = PBXFileReference; lastKnownFileType = sourcecode.swift; path = TodoDetailInteractor.swift; sourceTree = "<group>"; };
		E29DA82D274F7E3200395805 /* TodoDetailInteractorIO.swift */ = {isa = PBXFileReference; lastKnownFileType = sourcecode.swift; path = TodoDetailInteractorIO.swift; sourceTree = "<group>"; };
		E29DA830274F81C900395805 /* TodoDetailRouter.swift */ = {isa = PBXFileReference; lastKnownFileType = sourcecode.swift; path = TodoDetailRouter.swift; sourceTree = "<group>"; };
		E2C82297274F2DB1004BBBA0 /* SampleViper.app */ = {isa = PBXFileReference; explicitFileType = wrapper.application; includeInIndex = 0; path = SampleViper.app; sourceTree = BUILT_PRODUCTS_DIR; };
		E2C8229A274F2DB1004BBBA0 /* AppDelegate.swift */ = {isa = PBXFileReference; lastKnownFileType = sourcecode.swift; path = AppDelegate.swift; sourceTree = "<group>"; };
		E2C8229C274F2DB1004BBBA0 /* SceneDelegate.swift */ = {isa = PBXFileReference; lastKnownFileType = sourcecode.swift; path = SceneDelegate.swift; sourceTree = "<group>"; };
		E2C8229E274F2DB1004BBBA0 /* ViewController.swift */ = {isa = PBXFileReference; lastKnownFileType = sourcecode.swift; path = ViewController.swift; sourceTree = "<group>"; };
		E2C822A1274F2DB1004BBBA0 /* Base */ = {isa = PBXFileReference; lastKnownFileType = file.storyboard; name = Base; path = Base.lproj/Main.storyboard; sourceTree = "<group>"; };
		E2C822A3274F2DB3004BBBA0 /* Assets.xcassets */ = {isa = PBXFileReference; lastKnownFileType = folder.assetcatalog; path = Assets.xcassets; sourceTree = "<group>"; };
		E2C822A6274F2DB3004BBBA0 /* Base */ = {isa = PBXFileReference; lastKnownFileType = file.storyboard; name = Base; path = Base.lproj/LaunchScreen.storyboard; sourceTree = "<group>"; };
		E2C822A8274F2DB3004BBBA0 /* Info.plist */ = {isa = PBXFileReference; lastKnownFileType = text.plist.xml; path = Info.plist; sourceTree = "<group>"; };
		E2C822B0274F2DC8004BBBA0 /* CounterEntity.swift */ = {isa = PBXFileReference; fileEncoding = 4; lastKnownFileType = sourcecode.swift; path = CounterEntity.swift; sourceTree = "<group>"; };
		E2C822B2274F2DC8004BBBA0 /* CounterPresenter.swift */ = {isa = PBXFileReference; fileEncoding = 4; lastKnownFileType = sourcecode.swift; path = CounterPresenter.swift; sourceTree = "<group>"; };
		E2C822B4274F2DC8004BBBA0 /* CounterWireframe.swift */ = {isa = PBXFileReference; fileEncoding = 4; lastKnownFileType = sourcecode.swift; path = CounterWireframe.swift; sourceTree = "<group>"; };
		E2C822B6274F2DC8004BBBA0 /* HomeController.swift */ = {isa = PBXFileReference; fileEncoding = 4; lastKnownFileType = sourcecode.swift; path = HomeController.swift; sourceTree = "<group>"; };
		E2C822B7274F2DC8004BBBA0 /* HomeController.xib */ = {isa = PBXFileReference; fileEncoding = 4; lastKnownFileType = file.xib; path = HomeController.xib; sourceTree = "<group>"; };
		E2C822B8274F2DC8004BBBA0 /* CounterView.swift */ = {isa = PBXFileReference; fileEncoding = 4; lastKnownFileType = sourcecode.swift; path = CounterView.swift; sourceTree = "<group>"; };
		E2C822BA274F2DC8004BBBA0 /* CounterInteractor.swift */ = {isa = PBXFileReference; fileEncoding = 4; lastKnownFileType = sourcecode.swift; path = CounterInteractor.swift; sourceTree = "<group>"; };
		E2C822BB274F2DC8004BBBA0 /* CounterInteractorIO.swift */ = {isa = PBXFileReference; fileEncoding = 4; lastKnownFileType = sourcecode.swift; path = CounterInteractorIO.swift; sourceTree = "<group>"; };
/* End PBXFileReference section */

/* Begin PBXFrameworksBuildPhase section */
		E2C82294274F2DB1004BBBA0 /* Frameworks */ = {
			isa = PBXFrameworksBuildPhase;
			buildActionMask = 2147483647;
			files = (
			);
			runOnlyForDeploymentPostprocessing = 0;
		};
/* End PBXFrameworksBuildPhase section */

/* Begin PBXGroup section */
		E259B8BB2750700400845469 /* Viper_Counter */ = {
			isa = PBXGroup;
			children = (
				E2C822B9274F2DC8004BBBA0 /* Interactor */,
				E2C822B5274F2DC8004BBBA0 /* View */,
				E2C822B3274F2DC8004BBBA0 /* Wireframe */,
				E2C822B1274F2DC8004BBBA0 /* Presenter */,
				E2C822AF274F2DC8004BBBA0 /* Entity */,
			);
			path = Viper_Counter;
			sourceTree = "<group>";
		};
		E259B8BC275070E700845469 /* Login_Viper */ = {
			isa = PBXGroup;
			children = (
				E259B8CF27507C8A00845469 /* Router */,
				E259B8CA2750763000845469 /* Entity */,
				E259B8C72750735900845469 /* Interactor */,
				E259B8C42750731400845469 /* Presenter */,
				E259B8C1275071F500845469 /* View */,
			);
			path = Login_Viper;
			sourceTree = "<group>";
		};
		E259B8C1275071F500845469 /* View */ = {
			isa = PBXGroup;
			children = (
				E259B8BE275071E000845469 /* LoginViewController.xib */,
				E259B8BD275071E000845469 /* LoginViewController.swift */,
				E259B8C22750720500845469 /* LoginView.swift */,
			);
			path = View;
			sourceTree = "<group>";
		};
		E259B8C42750731400845469 /* Presenter */ = {
			isa = PBXGroup;
			children = (
				E259B8C52750733D00845469 /* LoginPresenter.swift */,
			);
			path = Presenter;
			sourceTree = "<group>";
		};
		E259B8C72750735900845469 /* Interactor */ = {
			isa = PBXGroup;
			children = (
				E259B8C82750738900845469 /* LoginInteractorIO.swift */,
				E259B8CD275076D100845469 /* LoginInteractor.swift */,
			);
			path = Interactor;
			sourceTree = "<group>";
		};
		E259B8CA2750763000845469 /* Entity */ = {
			isa = PBXGroup;
			children = (
				E259B8CB2750764E00845469 /* LoginEntity.swift */,
			);
			path = Entity;
			sourceTree = "<group>";
		};
		E259B8CF27507C8A00845469 /* Router */ = {
			isa = PBXGroup;
			children = (
				E259B8D027507C9C00845469 /* LoginRouter.swift */,
			);
			path = Router;
			sourceTree = "<group>";
		};
		E259B8F42754BCE800845469 /* CoreData */ = {
			isa = PBXGroup;
			children = (
				E259B8F52754BDD300845469 /* CoreDataManager.swift */,
				E259B8F72754BEAD00845469 /* demo_data.xcdatamodeld */,
			);
			path = CoreData;
			sourceTree = "<group>";
		};
		E29DA7D4274F38BD00395805 /* Viper_Todo */ = {
			isa = PBXGroup;
			children = (
				E29DA7E5274F44AF00395805 /* Modules */,
			);
			path = Viper_Todo;
			sourceTree = "<group>";
		};
		E29DA7E5274F44AF00395805 /* Modules */ = {
			isa = PBXGroup;
			children = (
				E29DA81F274F7B2D00395805 /* TodoDetailModule */,
				E29DA80B274F6D4300395805 /* TodoListModule */,
			);
			path = Modules;
			sourceTree = "<group>";
		};
		E29DA80B274F6D4300395805 /* TodoListModule */ = {
			isa = PBXGroup;
			children = (
				E29DA81C274F76C600395805 /* Router */,
				E29DA815274F6E4500395805 /* Entities */,
				E29DA812274F6DED00395805 /* Interactor */,
				E29DA80F274F6DB200395805 /* Presenter */,
				E29DA80C274F6D5D00395805 /* View */,
			);
			path = TodoListModule;
			sourceTree = "<group>";
		};
		E29DA80C274F6D5D00395805 /* View */ = {
			isa = PBXGroup;
			children = (
				E29DA80D274F6D7500395805 /* TodoListViewController.swift */,
				E29DA81A274F70AF00395805 /* TodoListView.swift */,
			);
			path = View;
			sourceTree = "<group>";
		};
		E29DA80F274F6DB200395805 /* Presenter */ = {
			isa = PBXGroup;
			children = (
				E29DA810274F6DD400395805 /* TodoListPresenter.swift */,
			);
			path = Presenter;
			sourceTree = "<group>";
		};
		E29DA812274F6DED00395805 /* Interactor */ = {
			isa = PBXGroup;
			children = (
				E29DA813274F6DFF00395805 /* TodoListInteractorIO.swift */,
				E29DA818274F6EBD00395805 /* TodoListInteractor.swift */,
			);
			path = Interactor;
			sourceTree = "<group>";
		};
		E29DA815274F6E4500395805 /* Entities */ = {
			isa = PBXGroup;
			children = (
				E29DA816274F6E5800395805 /* TodoItem.swift */,
			);
			path = Entities;
			sourceTree = "<group>";
		};
		E29DA81C274F76C600395805 /* Router */ = {
			isa = PBXGroup;
			children = (
				E29DA81D274F76E200395805 /* TodoListRouter.swift */,
			);
			path = Router;
			sourceTree = "<group>";
		};
		E29DA81F274F7B2D00395805 /* TodoDetailModule */ = {
			isa = PBXGroup;
			children = (
				E29DA82F274F81B900395805 /* Router */,
				E29DA82A274F7DDD00395805 /* Interactor */,
				E29DA827274F7CA300395805 /* Presenter */,
				E29DA820274F7BA200395805 /* View */,
			);
			path = TodoDetailModule;
			sourceTree = "<group>";
		};
		E29DA820274F7BA200395805 /* View */ = {
			isa = PBXGroup;
			children = (
				E29DA821274F7BB700395805 /* TodoDetailViewController.swift */,
				E29DA822274F7BB700395805 /* TodoDetailViewController.xib */,
				E29DA825274F7C6B00395805 /* TodoDetailView.swift */,
			);
			path = View;
			sourceTree = "<group>";
		};
		E29DA827274F7CA300395805 /* Presenter */ = {
			isa = PBXGroup;
			children = (
				E29DA828274F7DD100395805 /* TodoDetailPresenter.swift */,
			);
			path = Presenter;
			sourceTree = "<group>";
		};
		E29DA82A274F7DDD00395805 /* Interactor */ = {
			isa = PBXGroup;
			children = (
				E29DA82B274F7DEC00395805 /* TodoDetailInteractor.swift */,
				E29DA82D274F7E3200395805 /* TodoDetailInteractorIO.swift */,
			);
			path = Interactor;
			sourceTree = "<group>";
		};
		E29DA82F274F81B900395805 /* Router */ = {
			isa = PBXGroup;
			children = (
				E29DA830274F81C900395805 /* TodoDetailRouter.swift */,
			);
			path = Router;
			sourceTree = "<group>";
		};
		E2C8228E274F2DB1004BBBA0 = {
			isa = PBXGroup;
			children = (
				E2C82299274F2DB1004BBBA0 /* SampleViper */,
				E2C82298274F2DB1004BBBA0 /* Products */,
			);
			sourceTree = "<group>";
		};
		E2C82298274F2DB1004BBBA0 /* Products */ = {
			isa = PBXGroup;
			children = (
				E2C82297274F2DB1004BBBA0 /* SampleViper.app */,
			);
			name = Products;
			sourceTree = "<group>";
		};
		E2C82299274F2DB1004BBBA0 /* SampleViper */ = {
			isa = PBXGroup;
			children = (
				E259B8F42754BCE800845469 /* CoreData */,
				E259B8BC275070E700845469 /* Login_Viper */,
				E259B8BB2750700400845469 /* Viper_Counter */,
				E29DA7D4274F38BD00395805 /* Viper_Todo */,
				E2C8229A274F2DB1004BBBA0 /* AppDelegate.swift */,
				E2C8229C274F2DB1004BBBA0 /* SceneDelegate.swift */,
				E2C8229E274F2DB1004BBBA0 /* ViewController.swift */,
				E2C822A0274F2DB1004BBBA0 /* Main.storyboard */,
				E2C822A3274F2DB3004BBBA0 /* Assets.xcassets */,
				E2C822A5274F2DB3004BBBA0 /* LaunchScreen.storyboard */,
				E2C822A8274F2DB3004BBBA0 /* Info.plist */,
			);
			path = SampleViper;
			sourceTree = "<group>";
		};
		E2C822AF274F2DC8004BBBA0 /* Entity */ = {
			isa = PBXGroup;
			children = (
				E2C822B0274F2DC8004BBBA0 /* CounterEntity.swift */,
			);
			path = Entity;
			sourceTree = "<group>";
		};
		E2C822B1274F2DC8004BBBA0 /* Presenter */ = {
			isa = PBXGroup;
			children = (
				E2C822B2274F2DC8004BBBA0 /* CounterPresenter.swift */,
			);
			path = Presenter;
			sourceTree = "<group>";
		};
		E2C822B3274F2DC8004BBBA0 /* Wireframe */ = {
			isa = PBXGroup;
			children = (
				E2C822B4274F2DC8004BBBA0 /* CounterWireframe.swift */,
			);
			path = Wireframe;
			sourceTree = "<group>";
		};
		E2C822B5274F2DC8004BBBA0 /* View */ = {
			isa = PBXGroup;
			children = (
				E2C822B6274F2DC8004BBBA0 /* HomeController.swift */,
				E2C822B7274F2DC8004BBBA0 /* HomeController.xib */,
				E2C822B8274F2DC8004BBBA0 /* CounterView.swift */,
			);
			path = View;
			sourceTree = "<group>";
		};
		E2C822B9274F2DC8004BBBA0 /* Interactor */ = {
			isa = PBXGroup;
			children = (
				E2C822BA274F2DC8004BBBA0 /* CounterInteractor.swift */,
				E2C822BB274F2DC8004BBBA0 /* CounterInteractorIO.swift */,
			);
			path = Interactor;
			sourceTree = "<group>";
		};
/* End PBXGroup section */

/* Begin PBXNativeTarget section */
		E2C82296274F2DB1004BBBA0 /* SampleViper */ = {
			isa = PBXNativeTarget;
			buildConfigurationList = E2C822AB274F2DB3004BBBA0 /* Build configuration list for PBXNativeTarget "SampleViper" */;
			buildPhases = (
				E2C82293274F2DB1004BBBA0 /* Sources */,
				E2C82294274F2DB1004BBBA0 /* Frameworks */,
				E2C82295274F2DB1004BBBA0 /* Resources */,
			);
			buildRules = (
			);
			dependencies = (
			);
			name = SampleViper;
			productName = SampleViper;
			productReference = E2C82297274F2DB1004BBBA0 /* SampleViper.app */;
			productType = "com.apple.product-type.application";
		};
/* End PBXNativeTarget section */

/* Begin PBXProject section */
		E2C8228F274F2DB1004BBBA0 /* Project object */ = {
			isa = PBXProject;
			attributes = {
				BuildIndependentTargetsInParallel = 1;
				LastSwiftUpdateCheck = 1310;
				LastUpgradeCheck = 1310;
				TargetAttributes = {
					E2C82296274F2DB1004BBBA0 = {
						CreatedOnToolsVersion = 13.1;
					};
				};
			};
			buildConfigurationList = E2C82292274F2DB1004BBBA0 /* Build configuration list for PBXProject "SampleViper" */;
			compatibilityVersion = "Xcode 13.0";
			developmentRegion = en;
			hasScannedForEncodings = 0;
			knownRegions = (
				en,
				Base,
			);
			mainGroup = E2C8228E274F2DB1004BBBA0;
			productRefGroup = E2C82298274F2DB1004BBBA0 /* Products */;
			projectDirPath = "";
			projectRoot = "";
			targets = (
				E2C82296274F2DB1004BBBA0 /* SampleViper */,
			);
		};
/* End PBXProject section */

/* Begin PBXResourcesBuildPhase section */
		E2C82295274F2DB1004BBBA0 /* Resources */ = {
			isa = PBXResourcesBuildPhase;
			buildActionMask = 2147483647;
			files = (
				E29DA824274F7BB700395805 /* TodoDetailViewController.xib in Resources */,
				E2C822C0274F2DC8004BBBA0 /* HomeController.xib in Resources */,
				E259B8C0275071E000845469 /* LoginViewController.xib in Resources */,
				E2C822A7274F2DB3004BBBA0 /* LaunchScreen.storyboard in Resources */,
				E2C822A4274F2DB3004BBBA0 /* Assets.xcassets in Resources */,
				E2C822A2274F2DB1004BBBA0 /* Main.storyboard in Resources */,
			);
			runOnlyForDeploymentPostprocessing = 0;
		};
/* End PBXResourcesBuildPhase section */

/* Begin PBXSourcesBuildPhase section */
		E2C82293274F2DB1004BBBA0 /* Sources */ = {
			isa = PBXSourcesBuildPhase;
			buildActionMask = 2147483647;
			files = (
				E29DA819274F6EBD00395805 /* TodoListInteractor.swift in Sources */,
				E29DA829274F7DD100395805 /* TodoDetailPresenter.swift in Sources */,
				E29DA80E274F6D7500395805 /* TodoListViewController.swift in Sources */,
				E259B8CE275076D200845469 /* LoginInteractor.swift in Sources */,
				E2C822BD274F2DC8004BBBA0 /* CounterPresenter.swift in Sources */,
				E2C822C3274F2DC8004BBBA0 /* CounterInteractorIO.swift in Sources */,
				E29DA82C274F7DEC00395805 /* TodoDetailInteractor.swift in Sources */,
				E2C8229F274F2DB1004BBBA0 /* ViewController.swift in Sources */,
				E259B8D127507C9C00845469 /* LoginRouter.swift in Sources */,
				E259B8C92750738900845469 /* LoginInteractorIO.swift in Sources */,
				E29DA81E274F76E200395805 /* TodoListRouter.swift in Sources */,
				E259B8F62754BDD300845469 /* CoreDataManager.swift in Sources */,
				E259B8F92754BEAD00845469 /* demo_data.xcdatamodeld in Sources */,
				E259B8C62750733D00845469 /* LoginPresenter.swift in Sources */,
				E2C822BF274F2DC8004BBBA0 /* HomeController.swift in Sources */,
				E29DA81B274F70AF00395805 /* TodoListView.swift in Sources */,
				E2C8229B274F2DB1004BBBA0 /* AppDelegate.swift in Sources */,
				E2C822BE274F2DC8004BBBA0 /* CounterWireframe.swift in Sources */,
				E259B8BF275071E000845469 /* LoginViewController.swift in Sources */,
				E259B8C32750720500845469 /* LoginView.swift in Sources */,
				E2C8229D274F2DB1004BBBA0 /* SceneDelegate.swift in Sources */,
				E29DA82E274F7E3200395805 /* TodoDetailInteractorIO.swift in Sources */,
				E2C822BC274F2DC8004BBBA0 /* CounterEntity.swift in Sources */,
				E29DA826274F7C6B00395805 /* TodoDetailView.swift in Sources */,
				E29DA817274F6E5800395805 /* TodoItem.swift in Sources */,
				E29DA814274F6DFF00395805 /* TodoListInteractorIO.swift in Sources */,
				E2C822C2274F2DC8004BBBA0 /* CounterInteractor.swift in Sources */,
				E29DA831274F81C900395805 /* TodoDetailRouter.swift in Sources */,
				E29DA811274F6DD400395805 /* TodoListPresenter.swift in Sources */,
				E2C822C1274F2DC8004BBBA0 /* CounterView.swift in Sources */,
				E259B8CC2750764E00845469 /* LoginEntity.swift in Sources */,
				E29DA823274F7BB700395805 /* TodoDetailViewController.swift in Sources */,
			);
			runOnlyForDeploymentPostprocessing = 0;
		};
/* End PBXSourcesBuildPhase section */

/* Begin PBXVariantGroup section */
		E2C822A0274F2DB1004BBBA0 /* Main.storyboard */ = {
			isa = PBXVariantGroup;
			children = (
				E2C822A1274F2DB1004BBBA0 /* Base */,
			);
			name = Main.storyboard;
			sourceTree = "<group>";
		};
		E2C822A5274F2DB3004BBBA0 /* LaunchScreen.storyboard */ = {
			isa = PBXVariantGroup;
			children = (
				E2C822A6274F2DB3004BBBA0 /* Base */,
			);
			name = LaunchScreen.storyboard;
			sourceTree = "<group>";
		};
/* End PBXVariantGroup section */

/* Begin XCBuildConfiguration section */
		E2C822A9274F2DB3004BBBA0 /* Debug */ = {
			isa = XCBuildConfiguration;
			buildSettings = {
				ALWAYS_SEARCH_USER_PATHS = NO;
				CLANG_ANALYZER_NONNULL = YES;
				CLANG_ANALYZER_NUMBER_OBJECT_CONVERSION = YES_AGGRESSIVE;
				CLANG_CXX_LANGUAGE_STANDARD = "gnu++17";
				CLANG_CXX_LIBRARY = "libc++";
				CLANG_ENABLE_MODULES = YES;
				CLANG_ENABLE_OBJC_ARC = YES;
				CLANG_ENABLE_OBJC_WEAK = YES;
				CLANG_WARN_BLOCK_CAPTURE_AUTORELEASING = YES;
				CLANG_WARN_BOOL_CONVERSION = YES;
				CLANG_WARN_COMMA = YES;
				CLANG_WARN_CONSTANT_CONVERSION = YES;
				CLANG_WARN_DEPRECATED_OBJC_IMPLEMENTATIONS = YES;
				CLANG_WARN_DIRECT_OBJC_ISA_USAGE = YES_ERROR;
				CLANG_WARN_DOCUMENTATION_COMMENTS = YES;
				CLANG_WARN_EMPTY_BODY = YES;
				CLANG_WARN_ENUM_CONVERSION = YES;
				CLANG_WARN_INFINITE_RECURSION = YES;
				CLANG_WARN_INT_CONVERSION = YES;
				CLANG_WARN_NON_LITERAL_NULL_CONVERSION = YES;
				CLANG_WARN_OBJC_IMPLICIT_RETAIN_SELF = YES;
				CLANG_WARN_OBJC_LITERAL_CONVERSION = YES;
				CLANG_WARN_OBJC_ROOT_CLASS = YES_ERROR;
				CLANG_WARN_QUOTED_INCLUDE_IN_FRAMEWORK_HEADER = YES;
				CLANG_WARN_RANGE_LOOP_ANALYSIS = YES;
				CLANG_WARN_STRICT_PROTOTYPES = YES;
				CLANG_WARN_SUSPICIOUS_MOVE = YES;
				CLANG_WARN_UNGUARDED_AVAILABILITY = YES_AGGRESSIVE;
				CLANG_WARN_UNREACHABLE_CODE = YES;
				CLANG_WARN__DUPLICATE_METHOD_MATCH = YES;
				COPY_PHASE_STRIP = NO;
				DEBUG_INFORMATION_FORMAT = dwarf;
				ENABLE_STRICT_OBJC_MSGSEND = YES;
				ENABLE_TESTABILITY = YES;
				GCC_C_LANGUAGE_STANDARD = gnu11;
				GCC_DYNAMIC_NO_PIC = NO;
				GCC_NO_COMMON_BLOCKS = YES;
				GCC_OPTIMIZATION_LEVEL = 0;
				GCC_PREPROCESSOR_DEFINITIONS = (
					"DEBUG=1",
					"$(inherited)",
				);
				GCC_WARN_64_TO_32_BIT_CONVERSION = YES;
				GCC_WARN_ABOUT_RETURN_TYPE = YES_ERROR;
				GCC_WARN_UNDECLARED_SELECTOR = YES;
				GCC_WARN_UNINITIALIZED_AUTOS = YES_AGGRESSIVE;
				GCC_WARN_UNUSED_FUNCTION = YES;
				GCC_WARN_UNUSED_VARIABLE = YES;
				IPHONEOS_DEPLOYMENT_TARGET = 15.0;
				MTL_ENABLE_DEBUG_INFO = INCLUDE_SOURCE;
				MTL_FAST_MATH = YES;
				ONLY_ACTIVE_ARCH = YES;
				SDKROOT = iphoneos;
				SWIFT_ACTIVE_COMPILATION_CONDITIONS = DEBUG;
				SWIFT_OPTIMIZATION_LEVEL = "-Onone";
			};
			name = Debug;
		};
		E2C822AA274F2DB3004BBBA0 /* Release */ = {
			isa = XCBuildConfiguration;
			buildSettings = {
				ALWAYS_SEARCH_USER_PATHS = NO;
				CLANG_ANALYZER_NONNULL = YES;
				CLANG_ANALYZER_NUMBER_OBJECT_CONVERSION = YES_AGGRESSIVE;
				CLANG_CXX_LANGUAGE_STANDARD = "gnu++17";
				CLANG_CXX_LIBRARY = "libc++";
				CLANG_ENABLE_MODULES = YES;
				CLANG_ENABLE_OBJC_ARC = YES;
				CLANG_ENABLE_OBJC_WEAK = YES;
				CLANG_WARN_BLOCK_CAPTURE_AUTORELEASING = YES;
				CLANG_WARN_BOOL_CONVERSION = YES;
				CLANG_WARN_COMMA = YES;
				CLANG_WARN_CONSTANT_CONVERSION = YES;
				CLANG_WARN_DEPRECATED_OBJC_IMPLEMENTATIONS = YES;
				CLANG_WARN_DIRECT_OBJC_ISA_USAGE = YES_ERROR;
				CLANG_WARN_DOCUMENTATION_COMMENTS = YES;
				CLANG_WARN_EMPTY_BODY = YES;
				CLANG_WARN_ENUM_CONVERSION = YES;
				CLANG_WARN_INFINITE_RECURSION = YES;
				CLANG_WARN_INT_CONVERSION = YES;
				CLANG_WARN_NON_LITERAL_NULL_CONVERSION = YES;
				CLANG_WARN_OBJC_IMPLICIT_RETAIN_SELF = YES;
				CLANG_WARN_OBJC_LITERAL_CONVERSION = YES;
				CLANG_WARN_OBJC_ROOT_CLASS = YES_ERROR;
				CLANG_WARN_QUOTED_INCLUDE_IN_FRAMEWORK_HEADER = YES;
				CLANG_WARN_RANGE_LOOP_ANALYSIS = YES;
				CLANG_WARN_STRICT_PROTOTYPES = YES;
				CLANG_WARN_SUSPICIOUS_MOVE = YES;
				CLANG_WARN_UNGUARDED_AVAILABILITY = YES_AGGRESSIVE;
				CLANG_WARN_UNREACHABLE_CODE = YES;
				CLANG_WARN__DUPLICATE_METHOD_MATCH = YES;
				COPY_PHASE_STRIP = NO;
				DEBUG_INFORMATION_FORMAT = "dwarf-with-dsym";
				ENABLE_NS_ASSERTIONS = NO;
				ENABLE_STRICT_OBJC_MSGSEND = YES;
				GCC_C_LANGUAGE_STANDARD = gnu11;
				GCC_NO_COMMON_BLOCKS = YES;
				GCC_WARN_64_TO_32_BIT_CONVERSION = YES;
				GCC_WARN_ABOUT_RETURN_TYPE = YES_ERROR;
				GCC_WARN_UNDECLARED_SELECTOR = YES;
				GCC_WARN_UNINITIALIZED_AUTOS = YES_AGGRESSIVE;
				GCC_WARN_UNUSED_FUNCTION = YES;
				GCC_WARN_UNUSED_VARIABLE = YES;
				IPHONEOS_DEPLOYMENT_TARGET = 15.0;
				MTL_ENABLE_DEBUG_INFO = NO;
				MTL_FAST_MATH = YES;
				SDKROOT = iphoneos;
				SWIFT_COMPILATION_MODE = wholemodule;
				SWIFT_OPTIMIZATION_LEVEL = "-O";
				VALIDATE_PRODUCT = YES;
			};
			name = Release;
		};
		E2C822AC274F2DB3004BBBA0 /* Debug */ = {
			isa = XCBuildConfiguration;
			buildSettings = {
				ASSETCATALOG_COMPILER_APPICON_NAME = AppIcon;
				ASSETCATALOG_COMPILER_GLOBAL_ACCENT_COLOR_NAME = AccentColor;
				CODE_SIGN_STYLE = Automatic;
				CURRENT_PROJECT_VERSION = 1;
				DEVELOPMENT_TEAM = 49LPZHKUL7;
				GENERATE_INFOPLIST_FILE = YES;
				INFOPLIST_FILE = SampleViper/Info.plist;
				INFOPLIST_KEY_UIApplicationSupportsIndirectInputEvents = YES;
				INFOPLIST_KEY_UILaunchStoryboardName = LaunchScreen;
				INFOPLIST_KEY_UIMainStoryboardFile = Main;
				INFOPLIST_KEY_UISupportedInterfaceOrientations_iPad = "UIInterfaceOrientationPortrait UIInterfaceOrientationPortraitUpsideDown UIInterfaceOrientationLandscapeLeft UIInterfaceOrientationLandscapeRight";
				INFOPLIST_KEY_UISupportedInterfaceOrientations_iPhone = "UIInterfaceOrientationPortrait UIInterfaceOrientationLandscapeLeft UIInterfaceOrientationLandscapeRight";
				LD_RUNPATH_SEARCH_PATHS = (
					"$(inherited)",
					"@executable_path/Frameworks",
				);
				MARKETING_VERSION = 1.0;
				PRODUCT_BUNDLE_IDENTIFIER = com.app.eiddemo.SampleViper;
				PRODUCT_NAME = "$(TARGET_NAME)";
				SWIFT_EMIT_LOC_STRINGS = YES;
				SWIFT_VERSION = 5.0;
				TARGETED_DEVICE_FAMILY = "1,2";
			};
			name = Debug;
		};
		E2C822AD274F2DB3004BBBA0 /* Release */ = {
			isa = XCBuildConfiguration;
			buildSettings = {
				ASSETCATALOG_COMPILER_APPICON_NAME = AppIcon;
				ASSETCATALOG_COMPILER_GLOBAL_ACCENT_COLOR_NAME = AccentColor;
				CODE_SIGN_STYLE = Automatic;
				CURRENT_PROJECT_VERSION = 1;
				DEVELOPMENT_TEAM = 49LPZHKUL7;
				GENERATE_INFOPLIST_FILE = YES;
				INFOPLIST_FILE = SampleViper/Info.plist;
				INFOPLIST_KEY_UIApplicationSupportsIndirectInputEvents = YES;
				INFOPLIST_KEY_UILaunchStoryboardName = LaunchScreen;
				INFOPLIST_KEY_UIMainStoryboardFile = Main;
				INFOPLIST_KEY_UISupportedInterfaceOrientations_iPad = "UIInterfaceOrientationPortrait UIInterfaceOrientationPortraitUpsideDown UIInterfaceOrientationLandscapeLeft UIInterfaceOrientationLandscapeRight";
				INFOPLIST_KEY_UISupportedInterfaceOrientations_iPhone = "UIInterfaceOrientationPortrait UIInterfaceOrientationLandscapeLeft UIInterfaceOrientationLandscapeRight";
				LD_RUNPATH_SEARCH_PATHS = (
					"$(inherited)",
					"@executable_path/Frameworks",
				);
				MARKETING_VERSION = 1.0;
				PRODUCT_BUNDLE_IDENTIFIER = com.app.eiddemo.SampleViper;
				PRODUCT_NAME = "$(TARGET_NAME)";
				SWIFT_EMIT_LOC_STRINGS = YES;
				SWIFT_VERSION = 5.0;
				TARGETED_DEVICE_FAMILY = "1,2";
			};
			name = Release;
		};
/* End XCBuildConfiguration section */

/* Begin XCConfigurationList section */
		E2C82292274F2DB1004BBBA0 /* Build configuration list for PBXProject "SampleViper" */ = {
			isa = XCConfigurationList;
			buildConfigurations = (
				E2C822A9274F2DB3004BBBA0 /* Debug */,
				E2C822AA274F2DB3004BBBA0 /* Release */,
			);
			defaultConfigurationIsVisible = 0;
			defaultConfigurationName = Release;
		};
		E2C822AB274F2DB3004BBBA0 /* Build configuration list for PBXNativeTarget "SampleViper" */ = {
			isa = XCConfigurationList;
			buildConfigurations = (
				E2C822AC274F2DB3004BBBA0 /* Debug */,
				E2C822AD274F2DB3004BBBA0 /* Release */,
			);
			defaultConfigurationIsVisible = 0;
			defaultConfigurationName = Release;
		};
/* End XCConfigurationList section */

/* Begin XCVersionGroup section */
		E259B8F72754BEAD00845469 /* demo_data.xcdatamodeld */ = {
			isa = XCVersionGroup;
			children = (
				E259B8F82754BEAD00845469 /* demo_data.xcdatamodel */,
			);
			currentVersion = E259B8F82754BEAD00845469 /* demo_data.xcdatamodel */;
			path = demo_data.xcdatamodeld;
			sourceTree = "<group>";
			versionGroupType = wrapper.xcdatamodel;
		};
/* End XCVersionGroup section */
	};
	rootObject = E2C8228F274F2DB1004BBBA0 /* Project object */;
}
